// !$*UTF8*$!
{
	archiveVersion = 1;
	classes = {
	};
	objectVersion = 56;
	objects = {

/* Begin PBXBuildFile section */
		19E0B944A7399988783EE4EB /* Pods_GraphQLTests.framework in Frameworks */ = {isa = PBXBuildFile; fileRef = A9824948E566FD2DCCCC0306 /* Pods_GraphQLTests.framework */; };
		74B1DF4E0DBD9934D9504632 /* Pods_GraphQL.framework in Frameworks */ = {isa = PBXBuildFile; fileRef = 2A1AC4C5C6DE49C2FE19703B /* Pods_GraphQL.framework */; };
		A3208C8246570D96B334F2C1 /* Pods_GraphQL_GraphQLUITests.framework in Frameworks */ = {isa = PBXBuildFile; fileRef = 062D85BF7D358D85EEBF7CE5 /* Pods_GraphQL_GraphQLUITests.framework */; };
		F33EFC9C2A5DD5E20065D3B5 /* GraphQLApp.swift in Sources */ = {isa = PBXBuildFile; fileRef = F33EFC9B2A5DD5E20065D3B5 /* GraphQLApp.swift */; };
		F33EFC9E2A5DD5E20065D3B5 /* ContentView.swift in Sources */ = {isa = PBXBuildFile; fileRef = F33EFC9D2A5DD5E20065D3B5 /* ContentView.swift */; };
		F33EFCA02A5DD5E60065D3B5 /* Assets.xcassets in Resources */ = {isa = PBXBuildFile; fileRef = F33EFC9F2A5DD5E60065D3B5 /* Assets.xcassets */; };
		F33EFCA32A5DD5E60065D3B5 /* Preview Assets.xcassets in Resources */ = {isa = PBXBuildFile; fileRef = F33EFCA22A5DD5E60065D3B5 /* Preview Assets.xcassets */; };
		F33EFCAD2A5DD5E60065D3B5 /* GraphQLTests.swift in Sources */ = {isa = PBXBuildFile; fileRef = F33EFCAC2A5DD5E60065D3B5 /* GraphQLTests.swift */; };
		F33EFCB72A5DD5E60065D3B5 /* GraphQLUITests.swift in Sources */ = {isa = PBXBuildFile; fileRef = F33EFCB62A5DD5E60065D3B5 /* GraphQLUITests.swift */; };
		F33EFCB92A5DD5E60065D3B5 /* GraphQLUITestsLaunchTests.swift in Sources */ = {isa = PBXBuildFile; fileRef = F33EFCB82A5DD5E60065D3B5 /* GraphQLUITestsLaunchTests.swift */; };
		F33EFCD52A5F24300065D3B5 /* Quries.graphql in Resources */ = {isa = PBXBuildFile; fileRef = F33EFCD42A5F24300065D3B5 /* Quries.graphql */; };
		F33EFCE52A5FFAAB0065D3B5 /* schema.json in Resources */ = {isa = PBXBuildFile; fileRef = F33EFCE42A5FFAAB0065D3B5 /* schema.json */; };
		F33EFCE82A5FFEC70065D3B5 /* API.swift in Sources */ = {isa = PBXBuildFile; fileRef = F33EFCE72A5FFEC70065D3B5 /* API.swift */; };
		F33EFCEA2A6004800065D3B5 /* products.json in Resources */ = {isa = PBXBuildFile; fileRef = F33EFCE92A6004800065D3B5 /* products.json */; };
/* End PBXBuildFile section */

/* Begin PBXContainerItemProxy section */
		F33EFCA92A5DD5E60065D3B5 /* PBXContainerItemProxy */ = {
			isa = PBXContainerItemProxy;
			containerPortal = F33EFC902A5DD5E20065D3B5 /* Project object */;
			proxyType = 1;
			remoteGlobalIDString = F33EFC972A5DD5E20065D3B5;
			remoteInfo = GraphQL;
		};
		F33EFCB32A5DD5E60065D3B5 /* PBXContainerItemProxy */ = {
			isa = PBXContainerItemProxy;
			containerPortal = F33EFC902A5DD5E20065D3B5 /* Project object */;
			proxyType = 1;
			remoteGlobalIDString = F33EFC972A5DD5E20065D3B5;
			remoteInfo = GraphQL;
		};
/* End PBXContainerItemProxy section */

/* Begin PBXFileReference section */
		0625CD762B2DFFBA1ED4603E /* Pods-GraphQLTests.release.xcconfig */ = {isa = PBXFileReference; includeInIndex = 1; lastKnownFileType = text.xcconfig; name = "Pods-GraphQLTests.release.xcconfig"; path = "Target Support Files/Pods-GraphQLTests/Pods-GraphQLTests.release.xcconfig"; sourceTree = "<group>"; };
		062D85BF7D358D85EEBF7CE5 /* Pods_GraphQL_GraphQLUITests.framework */ = {isa = PBXFileReference; explicitFileType = wrapper.framework; includeInIndex = 0; path = Pods_GraphQL_GraphQLUITests.framework; sourceTree = BUILT_PRODUCTS_DIR; };
		275003C6A07AD4B54BA4BFF6 /* Pods-GraphQLTests.debug.xcconfig */ = {isa = PBXFileReference; includeInIndex = 1; lastKnownFileType = text.xcconfig; name = "Pods-GraphQLTests.debug.xcconfig"; path = "Target Support Files/Pods-GraphQLTests/Pods-GraphQLTests.debug.xcconfig"; sourceTree = "<group>"; };
		2A1AC4C5C6DE49C2FE19703B /* Pods_GraphQL.framework */ = {isa = PBXFileReference; explicitFileType = wrapper.framework; includeInIndex = 0; path = Pods_GraphQL.framework; sourceTree = BUILT_PRODUCTS_DIR; };
		5C507ED0AF7C341AE2BFB32D /* Pods-GraphQL.release.xcconfig */ = {isa = PBXFileReference; includeInIndex = 1; lastKnownFileType = text.xcconfig; name = "Pods-GraphQL.release.xcconfig"; path = "Target Support Files/Pods-GraphQL/Pods-GraphQL.release.xcconfig"; sourceTree = "<group>"; };
		A9824948E566FD2DCCCC0306 /* Pods_GraphQLTests.framework */ = {isa = PBXFileReference; explicitFileType = wrapper.framework; includeInIndex = 0; path = Pods_GraphQLTests.framework; sourceTree = BUILT_PRODUCTS_DIR; };
		B692BD914700D2834A407CB5 /* Pods-GraphQL-GraphQLUITests.release.xcconfig */ = {isa = PBXFileReference; includeInIndex = 1; lastKnownFileType = text.xcconfig; name = "Pods-GraphQL-GraphQLUITests.release.xcconfig"; path = "Target Support Files/Pods-GraphQL-GraphQLUITests/Pods-GraphQL-GraphQLUITests.release.xcconfig"; sourceTree = "<group>"; };
		E9966A202D16287431E0F18C /* Pods-GraphQL-GraphQLUITests.debug.xcconfig */ = {isa = PBXFileReference; includeInIndex = 1; lastKnownFileType = text.xcconfig; name = "Pods-GraphQL-GraphQLUITests.debug.xcconfig"; path = "Target Support Files/Pods-GraphQL-GraphQLUITests/Pods-GraphQL-GraphQLUITests.debug.xcconfig"; sourceTree = "<group>"; };
		F0DE6A6E210E9B1129F2B8B6 /* Pods-GraphQL.debug.xcconfig */ = {isa = PBXFileReference; includeInIndex = 1; lastKnownFileType = text.xcconfig; name = "Pods-GraphQL.debug.xcconfig"; path = "Target Support Files/Pods-GraphQL/Pods-GraphQL.debug.xcconfig"; sourceTree = "<group>"; };
		F33EFC982A5DD5E20065D3B5 /* GraphQL.app */ = {isa = PBXFileReference; explicitFileType = wrapper.application; includeInIndex = 0; path = GraphQL.app; sourceTree = BUILT_PRODUCTS_DIR; };
		F33EFC9B2A5DD5E20065D3B5 /* GraphQLApp.swift */ = {isa = PBXFileReference; lastKnownFileType = sourcecode.swift; path = GraphQLApp.swift; sourceTree = "<group>"; };
		F33EFC9D2A5DD5E20065D3B5 /* ContentView.swift */ = {isa = PBXFileReference; lastKnownFileType = sourcecode.swift; path = ContentView.swift; sourceTree = "<group>"; };
		F33EFC9F2A5DD5E60065D3B5 /* Assets.xcassets */ = {isa = PBXFileReference; lastKnownFileType = folder.assetcatalog; path = Assets.xcassets; sourceTree = "<group>"; };
		F33EFCA22A5DD5E60065D3B5 /* Preview Assets.xcassets */ = {isa = PBXFileReference; lastKnownFileType = folder.assetcatalog; path = "Preview Assets.xcassets"; sourceTree = "<group>"; };
		F33EFCA82A5DD5E60065D3B5 /* GraphQLTests.xctest */ = {isa = PBXFileReference; explicitFileType = wrapper.cfbundle; includeInIndex = 0; path = GraphQLTests.xctest; sourceTree = BUILT_PRODUCTS_DIR; };
		F33EFCAC2A5DD5E60065D3B5 /* GraphQLTests.swift */ = {isa = PBXFileReference; lastKnownFileType = sourcecode.swift; path = GraphQLTests.swift; sourceTree = "<group>"; };
		F33EFCB22A5DD5E60065D3B5 /* GraphQLUITests.xctest */ = {isa = PBXFileReference; explicitFileType = wrapper.cfbundle; includeInIndex = 0; path = GraphQLUITests.xctest; sourceTree = BUILT_PRODUCTS_DIR; };
		F33EFCB62A5DD5E60065D3B5 /* GraphQLUITests.swift */ = {isa = PBXFileReference; lastKnownFileType = sourcecode.swift; path = GraphQLUITests.swift; sourceTree = "<group>"; };
		F33EFCB82A5DD5E60065D3B5 /* GraphQLUITestsLaunchTests.swift */ = {isa = PBXFileReference; lastKnownFileType = sourcecode.swift; path = GraphQLUITestsLaunchTests.swift; sourceTree = "<group>"; };
		F33EFCD42A5F24300065D3B5 /* Quries.graphql */ = {isa = PBXFileReference; fileEncoding = 4; lastKnownFileType = text; path = Quries.graphql; sourceTree = "<group>"; };
		F33EFCE42A5FFAAB0065D3B5 /* schema.json */ = {isa = PBXFileReference; fileEncoding = 4; lastKnownFileType = text.json; path = schema.json; sourceTree = "<group>"; };
		F33EFCE72A5FFEC70065D3B5 /* API.swift */ = {isa = PBXFileReference; fileEncoding = 4; lastKnownFileType = sourcecode.swift; path = API.swift; sourceTree = "<group>"; };
		F33EFCE92A6004800065D3B5 /* products.json */ = {isa = PBXFileReference; fileEncoding = 4; lastKnownFileType = text.json; path = products.json; sourceTree = "<group>"; };
/* End PBXFileReference section */

/* Begin PBXFrameworksBuildPhase section */
		F33EFC952A5DD5E20065D3B5 /* Frameworks */ = {
			isa = PBXFrameworksBuildPhase;
			buildActionMask = 2147483647;
			files = (
				74B1DF4E0DBD9934D9504632 /* Pods_GraphQL.framework in Frameworks */,
			);
			runOnlyForDeploymentPostprocessing = 0;
		};
		F33EFCA52A5DD5E60065D3B5 /* Frameworks */ = {
			isa = PBXFrameworksBuildPhase;
			buildActionMask = 2147483647;
			files = (
				19E0B944A7399988783EE4EB /* Pods_GraphQLTests.framework in Frameworks */,
			);
			runOnlyForDeploymentPostprocessing = 0;
		};
		F33EFCAF2A5DD5E60065D3B5 /* Frameworks */ = {
			isa = PBXFrameworksBuildPhase;
			buildActionMask = 2147483647;
			files = (
				A3208C8246570D96B334F2C1 /* Pods_GraphQL_GraphQLUITests.framework in Frameworks */,
			);
			runOnlyForDeploymentPostprocessing = 0;
		};
/* End PBXFrameworksBuildPhase section */

/* Begin PBXGroup section */
		30DC3736DE0586229022F4C7 /* Frameworks */ = {
			isa = PBXGroup;
			children = (
				2A1AC4C5C6DE49C2FE19703B /* Pods_GraphQL.framework */,
				062D85BF7D358D85EEBF7CE5 /* Pods_GraphQL_GraphQLUITests.framework */,
				A9824948E566FD2DCCCC0306 /* Pods_GraphQLTests.framework */,
			);
			name = Frameworks;
			sourceTree = "<group>";
		};
		629F37549611FE00834FA036 /* Pods */ = {
			isa = PBXGroup;
			children = (
				F0DE6A6E210E9B1129F2B8B6 /* Pods-GraphQL.debug.xcconfig */,
				5C507ED0AF7C341AE2BFB32D /* Pods-GraphQL.release.xcconfig */,
				E9966A202D16287431E0F18C /* Pods-GraphQL-GraphQLUITests.debug.xcconfig */,
				B692BD914700D2834A407CB5 /* Pods-GraphQL-GraphQLUITests.release.xcconfig */,
				275003C6A07AD4B54BA4BFF6 /* Pods-GraphQLTests.debug.xcconfig */,
				0625CD762B2DFFBA1ED4603E /* Pods-GraphQLTests.release.xcconfig */,
			);
			path = Pods;
			sourceTree = "<group>";
		};
		F33EFC8F2A5DD5E20065D3B5 = {
			isa = PBXGroup;
			children = (
				F33EFC9A2A5DD5E20065D3B5 /* GraphQL */,
				F33EFCAB2A5DD5E60065D3B5 /* GraphQLTests */,
				F33EFCB52A5DD5E60065D3B5 /* GraphQLUITests */,
				F33EFC992A5DD5E20065D3B5 /* Products */,
				629F37549611FE00834FA036 /* Pods */,
				30DC3736DE0586229022F4C7 /* Frameworks */,
			);
			sourceTree = "<group>";
		};
		F33EFC992A5DD5E20065D3B5 /* Products */ = {
			isa = PBXGroup;
			children = (
				F33EFC982A5DD5E20065D3B5 /* GraphQL.app */,
				F33EFCA82A5DD5E60065D3B5 /* GraphQLTests.xctest */,
				F33EFCB22A5DD5E60065D3B5 /* GraphQLUITests.xctest */,
			);
			name = Products;
			sourceTree = "<group>";
		};
		F33EFC9A2A5DD5E20065D3B5 /* GraphQL */ = {
			isa = PBXGroup;
			children = (
				F33EFCE72A5FFEC70065D3B5 /* API.swift */,
				F33EFCEB2A60049C0065D3B5 /* Resources */,
				F33EFCE42A5FFAAB0065D3B5 /* schema.json */,
				F33EFCD42A5F24300065D3B5 /* Quries.graphql */,
				F33EFC9B2A5DD5E20065D3B5 /* GraphQLApp.swift */,
				F33EFC9D2A5DD5E20065D3B5 /* ContentView.swift */,
				F33EFC9F2A5DD5E60065D3B5 /* Assets.xcassets */,
				F33EFCA12A5DD5E60065D3B5 /* Preview Content */,
			);
			path = GraphQL;
			sourceTree = "<group>";
		};
		F33EFCA12A5DD5E60065D3B5 /* Preview Content */ = {
			isa = PBXGroup;
			children = (
				F33EFCA22A5DD5E60065D3B5 /* Preview Assets.xcassets */,
			);
			path = "Preview Content";
			sourceTree = "<group>";
		};
		F33EFCAB2A5DD5E60065D3B5 /* GraphQLTests */ = {
			isa = PBXGroup;
			children = (
				F33EFCAC2A5DD5E60065D3B5 /* GraphQLTests.swift */,
			);
			path = GraphQLTests;
			sourceTree = "<group>";
		};
		F33EFCB52A5DD5E60065D3B5 /* GraphQLUITests */ = {
			isa = PBXGroup;
			children = (
				F33EFCB62A5DD5E60065D3B5 /* GraphQLUITests.swift */,
				F33EFCB82A5DD5E60065D3B5 /* GraphQLUITestsLaunchTests.swift */,
			);
			path = GraphQLUITests;
			sourceTree = "<group>";
		};
		F33EFCEB2A60049C0065D3B5 /* Resources */ = {
			isa = PBXGroup;
			children = (
				F33EFCE92A6004800065D3B5 /* products.json */,
			);
			path = Resources;
			sourceTree = "<group>";
		};
/* End PBXGroup section */

/* Begin PBXNativeTarget section */
		F33EFC972A5DD5E20065D3B5 /* GraphQL */ = {
			isa = PBXNativeTarget;
			buildConfigurationList = F33EFCBC2A5DD5E60065D3B5 /* Build configuration list for PBXNativeTarget "GraphQL" */;
			buildPhases = (
				D54AE9D26231FB84E64324A8 /* [CP] Check Pods Manifest.lock */,
				F33EFCE62A5FFC2D0065D3B5 /* Generate Apollo GraphQL API */,
				F33EFC942A5DD5E20065D3B5 /* Sources */,
				F33EFC952A5DD5E20065D3B5 /* Frameworks */,
				F33EFC962A5DD5E20065D3B5 /* Resources */,
				A3B96D0CFE2C9BD0CBF661AF /* [CP] Embed Pods Frameworks */,
			);
			buildRules = (
			);
			dependencies = (
			);
			name = GraphQL;
			productName = GraphQL;
			productReference = F33EFC982A5DD5E20065D3B5 /* GraphQL.app */;
			productType = "com.apple.product-type.application";
		};
		F33EFCA72A5DD5E60065D3B5 /* GraphQLTests */ = {
			isa = PBXNativeTarget;
			buildConfigurationList = F33EFCBF2A5DD5E60065D3B5 /* Build configuration list for PBXNativeTarget "GraphQLTests" */;
			buildPhases = (
				F6A75BCEC62C5AB4BBC8BADB /* [CP] Check Pods Manifest.lock */,
				F33EFCA42A5DD5E60065D3B5 /* Sources */,
				F33EFCA52A5DD5E60065D3B5 /* Frameworks */,
				F33EFCA62A5DD5E60065D3B5 /* Resources */,
			);
			buildRules = (
			);
			dependencies = (
				F33EFCAA2A5DD5E60065D3B5 /* PBXTargetDependency */,
			);
			name = GraphQLTests;
			productName = GraphQLTests;
			productReference = F33EFCA82A5DD5E60065D3B5 /* GraphQLTests.xctest */;
			productType = "com.apple.product-type.bundle.unit-test";
		};
		F33EFCB12A5DD5E60065D3B5 /* GraphQLUITests */ = {
			isa = PBXNativeTarget;
			buildConfigurationList = F33EFCC22A5DD5E60065D3B5 /* Build configuration list for PBXNativeTarget "GraphQLUITests" */;
			buildPhases = (
				474B0240B962ED07C995489B /* [CP] Check Pods Manifest.lock */,
				F33EFCAE2A5DD5E60065D3B5 /* Sources */,
				F33EFCAF2A5DD5E60065D3B5 /* Frameworks */,
				F33EFCB02A5DD5E60065D3B5 /* Resources */,
				0575006DF51D377933D8196D /* [CP] Embed Pods Frameworks */,
			);
			buildRules = (
			);
			dependencies = (
				F33EFCB42A5DD5E60065D3B5 /* PBXTargetDependency */,
			);
			name = GraphQLUITests;
			productName = GraphQLUITests;
			productReference = F33EFCB22A5DD5E60065D3B5 /* GraphQLUITests.xctest */;
			productType = "com.apple.product-type.bundle.ui-testing";
		};
/* End PBXNativeTarget section */

/* Begin PBXProject section */
		F33EFC902A5DD5E20065D3B5 /* Project object */ = {
			isa = PBXProject;
			attributes = {
				BuildIndependentTargetsInParallel = 1;
				LastSwiftUpdateCheck = 1420;
				LastUpgradeCheck = 1420;
				TargetAttributes = {
					F33EFC972A5DD5E20065D3B5 = {
						CreatedOnToolsVersion = 14.2;
					};
					F33EFCA72A5DD5E60065D3B5 = {
						CreatedOnToolsVersion = 14.2;
						TestTargetID = F33EFC972A5DD5E20065D3B5;
					};
					F33EFCB12A5DD5E60065D3B5 = {
						CreatedOnToolsVersion = 14.2;
						TestTargetID = F33EFC972A5DD5E20065D3B5;
					};
				};
			};
			buildConfigurationList = F33EFC932A5DD5E20065D3B5 /* Build configuration list for PBXProject "GraphQL" */;
			compatibilityVersion = "Xcode 14.0";
			developmentRegion = en;
			hasScannedForEncodings = 0;
			knownRegions = (
				en,
				Base,
			);
			mainGroup = F33EFC8F2A5DD5E20065D3B5;
			productRefGroup = F33EFC992A5DD5E20065D3B5 /* Products */;
			projectDirPath = "";
			projectRoot = "";
			targets = (
				F33EFC972A5DD5E20065D3B5 /* GraphQL */,
				F33EFCA72A5DD5E60065D3B5 /* GraphQLTests */,
				F33EFCB12A5DD5E60065D3B5 /* GraphQLUITests */,
			);
		};
/* End PBXProject section */

/* Begin PBXResourcesBuildPhase section */
		F33EFC962A5DD5E20065D3B5 /* Resources */ = {
			isa = PBXResourcesBuildPhase;
			buildActionMask = 2147483647;
			files = (
				F33EFCEA2A6004800065D3B5 /* products.json in Resources */,
				F33EFCD52A5F24300065D3B5 /* Quries.graphql in Resources */,
				F33EFCE52A5FFAAB0065D3B5 /* schema.json in Resources */,
				F33EFCA32A5DD5E60065D3B5 /* Preview Assets.xcassets in Resources */,
				F33EFCA02A5DD5E60065D3B5 /* Assets.xcassets in Resources */,
			);
			runOnlyForDeploymentPostprocessing = 0;
		};
		F33EFCA62A5DD5E60065D3B5 /* Resources */ = {
			isa = PBXResourcesBuildPhase;
			buildActionMask = 2147483647;
			files = (
			);
			runOnlyForDeploymentPostprocessing = 0;
		};
		F33EFCB02A5DD5E60065D3B5 /* Resources */ = {
			isa = PBXResourcesBuildPhase;
			buildActionMask = 2147483647;
			files = (
			);
			runOnlyForDeploymentPostprocessing = 0;
		};
/* End PBXResourcesBuildPhase section */

/* Begin PBXShellScriptBuildPhase section */
		0575006DF51D377933D8196D /* [CP] Embed Pods Frameworks */ = {
			isa = PBXShellScriptBuildPhase;
			buildActionMask = 2147483647;
			files = (
			);
			inputFileListPaths = (
				"${PODS_ROOT}/Target Support Files/Pods-GraphQL-GraphQLUITests/Pods-GraphQL-GraphQLUITests-frameworks-${CONFIGURATION}-input-files.xcfilelist",
			);
			name = "[CP] Embed Pods Frameworks";
			outputFileListPaths = (
				"${PODS_ROOT}/Target Support Files/Pods-GraphQL-GraphQLUITests/Pods-GraphQL-GraphQLUITests-frameworks-${CONFIGURATION}-output-files.xcfilelist",
			);
			runOnlyForDeploymentPostprocessing = 0;
			shellPath = /bin/sh;
			shellScript = "\"${PODS_ROOT}/Target Support Files/Pods-GraphQL-GraphQLUITests/Pods-GraphQL-GraphQLUITests-frameworks.sh\"\n";
			showEnvVarsInLog = 0;
		};
		474B0240B962ED07C995489B /* [CP] Check Pods Manifest.lock */ = {
			isa = PBXShellScriptBuildPhase;
			buildActionMask = 2147483647;
			files = (
			);
			inputFileListPaths = (
			);
			inputPaths = (
				"${PODS_PODFILE_DIR_PATH}/Podfile.lock",
				"${PODS_ROOT}/Manifest.lock",
			);
			name = "[CP] Check Pods Manifest.lock";
			outputFileListPaths = (
			);
			outputPaths = (
				"$(DERIVED_FILE_DIR)/Pods-GraphQL-GraphQLUITests-checkManifestLockResult.txt",
			);
			runOnlyForDeploymentPostprocessing = 0;
			shellPath = /bin/sh;
			shellScript = "diff \"${PODS_PODFILE_DIR_PATH}/Podfile.lock\" \"${PODS_ROOT}/Manifest.lock\" > /dev/null\nif [ $? != 0 ] ; then\n    # print error to STDERR\n    echo \"error: The sandbox is not in sync with the Podfile.lock. Run 'pod install' or update your CocoaPods installation.\" >&2\n    exit 1\nfi\n# This output is used by Xcode 'outputs' to avoid re-running this script phase.\necho \"SUCCESS\" > \"${SCRIPT_OUTPUT_FILE_0}\"\n";
			showEnvVarsInLog = 0;
		};
		A3B96D0CFE2C9BD0CBF661AF /* [CP] Embed Pods Frameworks */ = {
			isa = PBXShellScriptBuildPhase;
			buildActionMask = 2147483647;
			files = (
			);
			inputFileListPaths = (
				"${PODS_ROOT}/Target Support Files/Pods-GraphQL/Pods-GraphQL-frameworks-${CONFIGURATION}-input-files.xcfilelist",
			);
			name = "[CP] Embed Pods Frameworks";
			outputFileListPaths = (
				"${PODS_ROOT}/Target Support Files/Pods-GraphQL/Pods-GraphQL-frameworks-${CONFIGURATION}-output-files.xcfilelist",
			);
			runOnlyForDeploymentPostprocessing = 0;
			shellPath = /bin/sh;
			shellScript = "\"${PODS_ROOT}/Target Support Files/Pods-GraphQL/Pods-GraphQL-frameworks.sh\"\n";
			showEnvVarsInLog = 0;
		};
		D54AE9D26231FB84E64324A8 /* [CP] Check Pods Manifest.lock */ = {
			isa = PBXShellScriptBuildPhase;
			buildActionMask = 2147483647;
			files = (
			);
			inputFileListPaths = (
			);
			inputPaths = (
				"${PODS_PODFILE_DIR_PATH}/Podfile.lock",
				"${PODS_ROOT}/Manifest.lock",
			);
			name = "[CP] Check Pods Manifest.lock";
			outputFileListPaths = (
			);
			outputPaths = (
				"$(DERIVED_FILE_DIR)/Pods-GraphQL-checkManifestLockResult.txt",
			);
			runOnlyForDeploymentPostprocessing = 0;
			shellPath = /bin/sh;
			shellScript = "diff \"${PODS_PODFILE_DIR_PATH}/Podfile.lock\" \"${PODS_ROOT}/Manifest.lock\" > /dev/null\nif [ $? != 0 ] ; then\n    # print error to STDERR\n    echo \"error: The sandbox is not in sync with the Podfile.lock. Run 'pod install' or update your CocoaPods installation.\" >&2\n    exit 1\nfi\n# This output is used by Xcode 'outputs' to avoid re-running this script phase.\necho \"SUCCESS\" > \"${SCRIPT_OUTPUT_FILE_0}\"\n";
			showEnvVarsInLog = 0;
		};
		F33EFCE62A5FFC2D0065D3B5 /* Generate Apollo GraphQL API */ = {
			isa = PBXShellScriptBuildPhase;
			buildActionMask = 2147483647;
			files = (
			);
			inputFileListPaths = (
			);
			inputPaths = (
			);
			name = "Generate Apollo GraphQL API";
			outputFileListPaths = (
			);
			outputPaths = (
			);
			runOnlyForDeploymentPostprocessing = 0;
			shellPath = /bin/sh;
			shellScript = "# Don't run this during index builds\nif [ $ACTION = \"indexbuild\" ]; then exit 0; fi\n\nSCRIPT_PATH=\"${PODS_ROOT}/Apollo/scripts\"\ncd \"${SRCROOT}/${TARGET_NAME}\"\n\"${SCRIPT_PATH}\"/run-bundled-codegen.sh codegen:generate --target=swift --includes=./**/*.graphql --localSchemaFile=\"schema.json\" API.swift\n";
		};
		F6A75BCEC62C5AB4BBC8BADB /* [CP] Check Pods Manifest.lock */ = {
			isa = PBXShellScriptBuildPhase;
			buildActionMask = 2147483647;
			files = (
			);
			inputFileListPaths = (
			);
			inputPaths = (
				"${PODS_PODFILE_DIR_PATH}/Podfile.lock",
				"${PODS_ROOT}/Manifest.lock",
			);
			name = "[CP] Check Pods Manifest.lock";
			outputFileListPaths = (
			);
			outputPaths = (
				"$(DERIVED_FILE_DIR)/Pods-GraphQLTests-checkManifestLockResult.txt",
			);
			runOnlyForDeploymentPostprocessing = 0;
			shellPath = /bin/sh;
			shellScript = "diff \"${PODS_PODFILE_DIR_PATH}/Podfile.lock\" \"${PODS_ROOT}/Manifest.lock\" > /dev/null\nif [ $? != 0 ] ; then\n    # print error to STDERR\n    echo \"error: The sandbox is not in sync with the Podfile.lock. Run 'pod install' or update your CocoaPods installation.\" >&2\n    exit 1\nfi\n# This output is used by Xcode 'outputs' to avoid re-running this script phase.\necho \"SUCCESS\" > \"${SCRIPT_OUTPUT_FILE_0}\"\n";
			showEnvVarsInLog = 0;
		};
/* End PBXShellScriptBuildPhase section */

/* Begin PBXSourcesBuildPhase section */
		F33EFC942A5DD5E20065D3B5 /* Sources */ = {
			isa = PBXSourcesBuildPhase;
			buildActionMask = 2147483647;
			files = (
				F33EFC9E2A5DD5E20065D3B5 /* ContentView.swift in Sources */,
				F33EFCE82A5FFEC70065D3B5 /* API.swift in Sources */,
				F33EFC9C2A5DD5E20065D3B5 /* GraphQLApp.swift in Sources */,
			);
			runOnlyForDeploymentPostprocessing = 0;
		};
		F33EFCA42A5DD5E60065D3B5 /* Sources */ = {
			isa = PBXSourcesBuildPhase;
			buildActionMask = 2147483647;
			files = (
				F33EFCAD2A5DD5E60065D3B5 /* GraphQLTests.swift in Sources */,
			);
			runOnlyForDeploymentPostprocessing = 0;
		};
		F33EFCAE2A5DD5E60065D3B5 /* Sources */ = {
			isa = PBXSourcesBuildPhase;
			buildActionMask = 2147483647;
			files = (
				F33EFCB92A5DD5E60065D3B5 /* GraphQLUITestsLaunchTests.swift in Sources */,
				F33EFCB72A5DD5E60065D3B5 /* GraphQLUITests.swift in Sources */,
			);
			runOnlyForDeploymentPostprocessing = 0;
		};
/* End PBXSourcesBuildPhase section */

/* Begin PBXTargetDependency section */
		F33EFCAA2A5DD5E60065D3B5 /* PBXTargetDependency */ = {
			isa = PBXTargetDependency;
			target = F33EFC972A5DD5E20065D3B5 /* GraphQL */;
			targetProxy = F33EFCA92A5DD5E60065D3B5 /* PBXContainerItemProxy */;
		};
		F33EFCB42A5DD5E60065D3B5 /* PBXTargetDependency */ = {
			isa = PBXTargetDependency;
			target = F33EFC972A5DD5E20065D3B5 /* GraphQL */;
			targetProxy = F33EFCB32A5DD5E60065D3B5 /* PBXContainerItemProxy */;
		};
/* End PBXTargetDependency section */

/* Begin XCBuildConfiguration section */
		F33EFCBA2A5DD5E60065D3B5 /* Debug */ = {
			isa = XCBuildConfiguration;
			buildSettings = {
				ALWAYS_SEARCH_USER_PATHS = NO;
				CLANG_ANALYZER_NONNULL = YES;
				CLANG_ANALYZER_NUMBER_OBJECT_CONVERSION = YES_AGGRESSIVE;
				CLANG_CXX_LANGUAGE_STANDARD = "gnu++20";
				CLANG_ENABLE_MODULES = YES;
				CLANG_ENABLE_OBJC_ARC = YES;
				CLANG_ENABLE_OBJC_WEAK = YES;
				CLANG_WARN_BLOCK_CAPTURE_AUTORELEASING = YES;
				CLANG_WARN_BOOL_CONVERSION = YES;
				CLANG_WARN_COMMA = YES;
				CLANG_WARN_CONSTANT_CONVERSION = YES;
				CLANG_WARN_DEPRECATED_OBJC_IMPLEMENTATIONS = YES;
				CLANG_WARN_DIRECT_OBJC_ISA_USAGE = YES_ERROR;
				CLANG_WARN_DOCUMENTATION_COMMENTS = YES;
				CLANG_WARN_EMPTY_BODY = YES;
				CLANG_WARN_ENUM_CONVERSION = YES;
				CLANG_WARN_INFINITE_RECURSION = YES;
				CLANG_WARN_INT_CONVERSION = YES;
				CLANG_WARN_NON_LITERAL_NULL_CONVERSION = YES;
				CLANG_WARN_OBJC_IMPLICIT_RETAIN_SELF = YES;
				CLANG_WARN_OBJC_LITERAL_CONVERSION = YES;
				CLANG_WARN_OBJC_ROOT_CLASS = YES_ERROR;
				CLANG_WARN_QUOTED_INCLUDE_IN_FRAMEWORK_HEADER = YES;
				CLANG_WARN_RANGE_LOOP_ANALYSIS = YES;
				CLANG_WARN_STRICT_PROTOTYPES = YES;
				CLANG_WARN_SUSPICIOUS_MOVE = YES;
				CLANG_WARN_UNGUARDED_AVAILABILITY = YES_AGGRESSIVE;
				CLANG_WARN_UNREACHABLE_CODE = YES;
				CLANG_WARN__DUPLICATE_METHOD_MATCH = YES;
				COPY_PHASE_STRIP = NO;
				DEBUG_INFORMATION_FORMAT = dwarf;
				ENABLE_STRICT_OBJC_MSGSEND = YES;
				ENABLE_TESTABILITY = YES;
				GCC_C_LANGUAGE_STANDARD = gnu11;
				GCC_DYNAMIC_NO_PIC = NO;
				GCC_NO_COMMON_BLOCKS = YES;
				GCC_OPTIMIZATION_LEVEL = 0;
				GCC_PREPROCESSOR_DEFINITIONS = (
					"DEBUG=1",
					"$(inherited)",
				);
				GCC_WARN_64_TO_32_BIT_CONVERSION = YES;
				GCC_WARN_ABOUT_RETURN_TYPE = YES_ERROR;
				GCC_WARN_UNDECLARED_SELECTOR = YES;
				GCC_WARN_UNINITIALIZED_AUTOS = YES_AGGRESSIVE;
				GCC_WARN_UNUSED_FUNCTION = YES;
				GCC_WARN_UNUSED_VARIABLE = YES;
				IPHONEOS_DEPLOYMENT_TARGET = 16.2;
				MTL_ENABLE_DEBUG_INFO = INCLUDE_SOURCE;
				MTL_FAST_MATH = YES;
				ONLY_ACTIVE_ARCH = YES;
				SDKROOT = iphoneos;
				SWIFT_ACTIVE_COMPILATION_CONDITIONS = DEBUG;
				SWIFT_OPTIMIZATION_LEVEL = "-Onone";
			};
			name = Debug;
		};
		F33EFCBB2A5DD5E60065D3B5 /* Release */ = {
			isa = XCBuildConfiguration;
			buildSettings = {
				ALWAYS_SEARCH_USER_PATHS = NO;
				CLANG_ANALYZER_NONNULL = YES;
				CLANG_ANALYZER_NUMBER_OBJECT_CONVERSION = YES_AGGRESSIVE;
				CLANG_CXX_LANGUAGE_STANDARD = "gnu++20";
				CLANG_ENABLE_MODULES = YES;
				CLANG_ENABLE_OBJC_ARC = YES;
				CLANG_ENABLE_OBJC_WEAK = YES;
				CLANG_WARN_BLOCK_CAPTURE_AUTORELEASING = YES;
				CLANG_WARN_BOOL_CONVERSION = YES;
				CLANG_WARN_COMMA = YES;
				CLANG_WARN_CONSTANT_CONVERSION = YES;
				CLANG_WARN_DEPRECATED_OBJC_IMPLEMENTATIONS = YES;
				CLANG_WARN_DIRECT_OBJC_ISA_USAGE = YES_ERROR;
				CLANG_WARN_DOCUMENTATION_COMMENTS = YES;
				CLANG_WARN_EMPTY_BODY = YES;
				CLANG_WARN_ENUM_CONVERSION = YES;
				CLANG_WARN_INFINITE_RECURSION = YES;
				CLANG_WARN_INT_CONVERSION = YES;
				CLANG_WARN_NON_LITERAL_NULL_CONVERSION = YES;
				CLANG_WARN_OBJC_IMPLICIT_RETAIN_SELF = YES;
				CLANG_WARN_OBJC_LITERAL_CONVERSION = YES;
				CLANG_WARN_OBJC_ROOT_CLASS = YES_ERROR;
				CLANG_WARN_QUOTED_INCLUDE_IN_FRAMEWORK_HEADER = YES;
				CLANG_WARN_RANGE_LOOP_ANALYSIS = YES;
				CLANG_WARN_STRICT_PROTOTYPES = YES;
				CLANG_WARN_SUSPICIOUS_MOVE = YES;
				CLANG_WARN_UNGUARDED_AVAILABILITY = YES_AGGRESSIVE;
				CLANG_WARN_UNREACHABLE_CODE = YES;
				CLANG_WARN__DUPLICATE_METHOD_MATCH = YES;
				COPY_PHASE_STRIP = NO;
				DEBUG_INFORMATION_FORMAT = "dwarf-with-dsym";
				ENABLE_NS_ASSERTIONS = NO;
				ENABLE_STRICT_OBJC_MSGSEND = YES;
				GCC_C_LANGUAGE_STANDARD = gnu11;
				GCC_NO_COMMON_BLOCKS = YES;
				GCC_WARN_64_TO_32_BIT_CONVERSION = YES;
				GCC_WARN_ABOUT_RETURN_TYPE = YES_ERROR;
				GCC_WARN_UNDECLARED_SELECTOR = YES;
				GCC_WARN_UNINITIALIZED_AUTOS = YES_AGGRESSIVE;
				GCC_WARN_UNUSED_FUNCTION = YES;
				GCC_WARN_UNUSED_VARIABLE = YES;
				IPHONEOS_DEPLOYMENT_TARGET = 16.2;
				MTL_ENABLE_DEBUG_INFO = NO;
				MTL_FAST_MATH = YES;
				SDKROOT = iphoneos;
				SWIFT_COMPILATION_MODE = wholemodule;
				SWIFT_OPTIMIZATION_LEVEL = "-O";
				VALIDATE_PRODUCT = YES;
			};
			name = Release;
		};
		F33EFCBD2A5DD5E60065D3B5 /* Debug */ = {
			isa = XCBuildConfiguration;
			baseConfigurationReference = F0DE6A6E210E9B1129F2B8B6 /* Pods-GraphQL.debug.xcconfig */;
			buildSettings = {
				ASSETCATALOG_COMPILER_APPICON_NAME = AppIcon;
				ASSETCATALOG_COMPILER_GLOBAL_ACCENT_COLOR_NAME = AccentColor;
				CODE_SIGN_STYLE = Automatic;
				CURRENT_PROJECT_VERSION = 1;
				DEVELOPMENT_ASSET_PATHS = "\"GraphQL/Preview Content\"";
				DEVELOPMENT_TEAM = 68N94Y2J95;
				ENABLE_PREVIEWS = YES;
				GENERATE_INFOPLIST_FILE = YES;
				INFOPLIST_KEY_UIApplicationSceneManifest_Generation = YES;
				INFOPLIST_KEY_UIApplicationSupportsIndirectInputEvents = YES;
				INFOPLIST_KEY_UILaunchScreen_Generation = YES;
				INFOPLIST_KEY_UISupportedInterfaceOrientations_iPad = "UIInterfaceOrientationPortrait UIInterfaceOrientationPortraitUpsideDown UIInterfaceOrientationLandscapeLeft UIInterfaceOrientationLandscapeRight";
				INFOPLIST_KEY_UISupportedInterfaceOrientations_iPhone = "UIInterfaceOrientationPortrait UIInterfaceOrientationLandscapeLeft UIInterfaceOrientationLandscapeRight";
				LD_RUNPATH_SEARCH_PATHS = (
					"$(inherited)",
					"@executable_path/Frameworks",
				);
				MARKETING_VERSION = 1.0;
				PRODUCT_BUNDLE_IDENTIFIER = com.my.GraphQL;
				PRODUCT_NAME = "$(TARGET_NAME)";
				SWIFT_EMIT_LOC_STRINGS = YES;
				SWIFT_VERSION = 5.0;
				TARGETED_DEVICE_FAMILY = "1,2";
			};
			name = Debug;
		};
		F33EFCBE2A5DD5E60065D3B5 /* Release */ = {
			isa = XCBuildConfiguration;
			baseConfigurationReference = 5C507ED0AF7C341AE2BFB32D /* Pods-GraphQL.release.xcconfig */;
			buildSettings = {
				ASSETCATALOG_COMPILER_APPICON_NAME = AppIcon;
				ASSETCATALOG_COMPILER_GLOBAL_ACCENT_COLOR_NAME = AccentColor;
				CODE_SIGN_STYLE = Automatic;
				CURRENT_PROJECT_VERSION = 1;
				DEVELOPMENT_ASSET_PATHS = "\"GraphQL/Preview Content\"";
				DEVELOPMENT_TEAM = 68N94Y2J95;
				ENABLE_PREVIEWS = YES;
				GENERATE_INFOPLIST_FILE = YES;
				INFOPLIST_KEY_UIApplicationSceneManifest_Generation = YES;
				INFOPLIST_KEY_UIApplicationSupportsIndirectInputEvents = YES;
				INFOPLIST_KEY_UILaunchScreen_Generation = YES;
				INFOPLIST_KEY_UISupportedInterfaceOrientations_iPad = "UIInterfaceOrientationPortrait UIInterfaceOrientationPortraitUpsideDown UIInterfaceOrientationLandscapeLeft UIInterfaceOrientationLandscapeRight";
				INFOPLIST_KEY_UISupportedInterfaceOrientations_iPhone = "UIInterfaceOrientationPortrait UIInterfaceOrientationLandscapeLeft UIInterfaceOrientationLandscapeRight";
				LD_RUNPATH_SEARCH_PATHS = (
					"$(inherited)",
					"@executable_path/Frameworks",
				);
				MARKETING_VERSION = 1.0;
				PRODUCT_BUNDLE_IDENTIFIER = com.my.GraphQL;
				PRODUCT_NAME = "$(TARGET_NAME)";
				SWIFT_EMIT_LOC_STRINGS = YES;
				SWIFT_VERSION = 5.0;
				TARGETED_DEVICE_FAMILY = "1,2";
			};
			name = Release;
		};
		F33EFCC02A5DD5E60065D3B5 /* Debug */ = {
			isa = XCBuildConfiguration;
			baseConfigurationReference = 275003C6A07AD4B54BA4BFF6 /* Pods-GraphQLTests.debug.xcconfig */;
			buildSettings = {
				ALWAYS_EMBED_SWIFT_STANDARD_LIBRARIES = YES;
				BUNDLE_LOADER = "$(TEST_HOST)";
				CODE_SIGN_STYLE = Automatic;
				CURRENT_PROJECT_VERSION = 1;
				DEVELOPMENT_TEAM = 68N94Y2J95;
				GENERATE_INFOPLIST_FILE = YES;
				IPHONEOS_DEPLOYMENT_TARGET = 16.2;
				MARKETING_VERSION = 1.0;
				PRODUCT_BUNDLE_IDENTIFIER = com.my.GraphQLTests;
				PRODUCT_NAME = "$(TARGET_NAME)";
				SWIFT_EMIT_LOC_STRINGS = NO;
				SWIFT_VERSION = 5.0;
				TARGETED_DEVICE_FAMILY = "1,2";
				TEST_HOST = "$(BUILT_PRODUCTS_DIR)/GraphQL.app/$(BUNDLE_EXECUTABLE_FOLDER_PATH)/GraphQL";
			};
			name = Debug;
		};
		F33EFCC12A5DD5E60065D3B5 /* Release */ = {
			isa = XCBuildConfiguration;
			baseConfigurationReference = 0625CD762B2DFFBA1ED4603E /* Pods-GraphQLTests.release.xcconfig */;
			buildSettings = {
				ALWAYS_EMBED_SWIFT_STANDARD_LIBRARIES = YES;
				BUNDLE_LOADER = "$(TEST_HOST)";
				CODE_SIGN_STYLE = Automatic;
				CURRENT_PROJECT_VERSION = 1;
				DEVELOPMENT_TEAM = 68N94Y2J95;
				GENERATE_INFOPLIST_FILE = YES;
				IPHONEOS_DEPLOYMENT_TARGET = 16.2;
				MARKETING_VERSION = 1.0;
				PRODUCT_BUNDLE_IDENTIFIER = com.my.GraphQLTests;
				PRODUCT_NAME = "$(TARGET_NAME)";
				SWIFT_EMIT_LOC_STRINGS = NO;
				SWIFT_VERSION = 5.0;
				TARGETED_DEVICE_FAMILY = "1,2";
				TEST_HOST = "$(BUILT_PRODUCTS_DIR)/GraphQL.app/$(BUNDLE_EXECUTABLE_FOLDER_PATH)/GraphQL";
			};
			name = Release;
		};
		F33EFCC32A5DD5E60065D3B5 /* Debug */ = {
			isa = XCBuildConfiguration;
			baseConfigurationReference = E9966A202D16287431E0F18C /* Pods-GraphQL-GraphQLUITests.debug.xcconfig */;
			buildSettings = {
				ALWAYS_EMBED_SWIFT_STANDARD_LIBRARIES = YES;
				CODE_SIGN_STYLE = Automatic;
				CURRENT_PROJECT_VERSION = 1;
				DEVELOPMENT_TEAM = 68N94Y2J95;
				GENERATE_INFOPLIST_FILE = YES;
				MARKETING_VERSION = 1.0;
				PRODUCT_BUNDLE_IDENTIFIER = com.my.GraphQLUITests;
				PRODUCT_NAME = "$(TARGET_NAME)";
				SWIFT_EMIT_LOC_STRINGS = NO;
				SWIFT_VERSION = 5.0;
				TARGETED_DEVICE_FAMILY = "1,2";
				TEST_TARGET_NAME = GraphQL;
			};
			name = Debug;
		};
		F33EFCC42A5DD5E60065D3B5 /* Release */ = {
			isa = XCBuildConfiguration;
			baseConfigurationReference = B692BD914700D2834A407CB5 /* Pods-GraphQL-GraphQLUITests.release.xcconfig */;
			buildSettings = {
				ALWAYS_EMBED_SWIFT_STANDARD_LIBRARIES = YES;
				CODE_SIGN_STYLE = Automatic;
				CURRENT_PROJECT_VERSION = 1;
				DEVELOPMENT_TEAM = 68N94Y2J95;
				GENERATE_INFOPLIST_FILE = YES;
				MARKETING_VERSION = 1.0;
				PRODUCT_BUNDLE_IDENTIFIER = com.my.GraphQLUITests;
				PRODUCT_NAME = "$(TARGET_NAME)";
				SWIFT_EMIT_LOC_STRINGS = NO;
				SWIFT_VERSION = 5.0;
				TARGETED_DEVICE_FAMILY = "1,2";
				TEST_TARGET_NAME = GraphQL;
			};
			name = Release;
		};
/* End XCBuildConfiguration section */

/* Begin XCConfigurationList section */
		F33EFC932A5DD5E20065D3B5 /* Build configuration list for PBXProject "GraphQL" */ = {
			isa = XCConfigurationList;
			buildConfigurations = (
				F33EFCBA2A5DD5E60065D3B5 /* Debug */,
				F33EFCBB2A5DD5E60065D3B5 /* Release */,
			);
			defaultConfigurationIsVisible = 0;
			defaultConfigurationName = Release;
		};
		F33EFCBC2A5DD5E60065D3B5 /* Build configuration list for PBXNativeTarget "GraphQL" */ = {
			isa = XCConfigurationList;
			buildConfigurations = (
				F33EFCBD2A5DD5E60065D3B5 /* Debug */,
				F33EFCBE2A5DD5E60065D3B5 /* Release */,
			);
			defaultConfigurationIsVisible = 0;
			defaultConfigurationName = Release;
		};
		F33EFCBF2A5DD5E60065D3B5 /* Build configuration list for PBXNativeTarget "GraphQLTests" */ = {
			isa = XCConfigurationList;
			buildConfigurations = (
				F33EFCC02A5DD5E60065D3B5 /* Debug */,
				F33EFCC12A5DD5E60065D3B5 /* Release */,
			);
			defaultConfigurationIsVisible = 0;
			defaultConfigurationName = Release;
		};
		F33EFCC22A5DD5E60065D3B5 /* Build configuration list for PBXNativeTarget "GraphQLUITests" */ = {
			isa = XCConfigurationList;
			buildConfigurations = (
				F33EFCC32A5DD5E60065D3B5 /* Debug */,
				F33EFCC42A5DD5E60065D3B5 /* Release */,
			);
			defaultConfigurationIsVisible = 0;
			defaultConfigurationName = Release;
		};
/* End XCConfigurationList section */
	};
	rootObject = F33EFC902A5DD5E20065D3B5 /* Project object */;
}
